Microsoft Visual Studio Solution File, Format Version 12.00
# Visual Studio Version 17
VisualStudioVersion = 17.5.2.0
MinimumVisualStudioVersion = 10.0.40219.1
Project("{2150E333-8FDC-42A3-9474-1A3956D46DE8}") = "Unidad1", "Unidad1", "{C3D8B876-DC34-3D7B-77EA-3EC09BA1A892}"
EndProject
Project("{2150E333-8FDC-42A3-9474-1A3956D46DE8}") = "1-Tarea", "1-Tarea", "{5F59857E-B57F-87D4-0589-DD399ACFA2A6}"
EndProject
Project("{FAE04EC0-301F-11D3-BF4B-00C04F79EFBC}") = "Practica1", "Unidad1\1-Tarea\Practica1\Practica1.csproj", "{F356E64A-6922-940C-CD08-608302E49CBC}"
EndProject
Global
	GlobalSection(SolutionConfigurationPlatforms) = preSolution
		Debug|Any CPU = Debug|Any CPU
		Release|Any CPU = Release|Any CPU
	EndGlobalSection
	GlobalSection(ProjectConfigurationPlatforms) = postSolution
		{F356E64A-6922-940C-CD08-608302E49CBC}.Debug|Any CPU.ActiveCfg = Debug|Any CPU
		{F356E64A-6922-940C-CD08-608302E49CBC}.Debug|Any CPU.Build.0 = Debug|Any CPU
		{F356E64A-6922-940C-CD08-608302E49CBC}.Release|Any CPU.ActiveCfg = Release|Any CPU
		{F356E64A-6922-940C-CD08-608302E49CBC}.Release|Any CPU.Build.0 = Release|Any CPU
	EndGlobalSection
	GlobalSection(SolutionProperties) = preSolution
		HideSolutionNode = FALSE
	EndGlobalSection
	GlobalSection(NestedProjects) = preSolution
		{5F59857E-B57F-87D4-0589-DD399ACFA2A6} = {C3D8B876-DC34-3D7B-77EA-3EC09BA1A892}
		{F356E64A-6922-940C-CD08-608302E49CBC} = {5F59857E-B57F-87D4-0589-DD399ACFA2A6}
	EndGlobalSection
	GlobalSection(ExtensibilityGlobals) = postSolution
		SolutionGuid = {8E49471C-82B6-4448-95E8-A54307F8D054}
	EndGlobalSection
EndGlobal
